
Microsoft Visual Studio Solution File, Format Version 12.00
# Visual Studio Version 16
VisualStudioVersion = 16.0.29613.14
MinimumVisualStudioVersion = 10.0.40219.1
Project("{FAE04EC0-301F-11D3-BF4B-00C04F79EFBC}") = "AdventureGame", "AdventureGame.csproj", "{CCBA0180-463C-4A12-A334-CA1B46FFC36A}"
EndProject
Global
	GlobalSection(SolutionConfigurationPlatforms) = preSolution
		Debug|Any CPU = Debug|Any CPU
		Release|Any CPU = Release|Any CPU
	EndGlobalSection
	GlobalSection(ProjectConfigurationPlatforms) = postSolution
		{CCBA0180-463C-4A12-A334-CA1B46FFC36A}.Debug|Any CPU.ActiveCfg = Debug|Any CPU
		{CCBA0180-463C-4A12-A334-CA1B46FFC36A}.Debug|Any CPU.Build.0 = Debug|Any CPU
		{CCBA0180-463C-4A12-A334-CA1B46FFC36A}.Release|Any CPU.ActiveCfg = Release|Any CPU
		{CCBA0180-463C-4A12-A334-CA1B46FFC36A}.Release|Any CPU.Build.0 = Release|Any CPU
	EndGlobalSection
	GlobalSection(SolutionProperties) = preSolution
		HideSolutionNode = FALSE
	EndGlobalSection
	GlobalSection(ExtensibilityGlobals) = postSolution
		SolutionGuid = {F6C15893-B9DC-47F7-A749-30F5A2CF2627}
	EndGlobalSection
EndGlobal
